
Microsoft Visual Studio Solution File, Format Version 12.00
# Visual Studio 15
VisualStudioVersion = 15.0.28010.2048
MinimumVisualStudioVersion = 10.0.40219.1
Project("{9A19103F-16F7-4668-BE54-9A1E7A4F7556}") = "L4438", "L4438.csproj", "{34C8992A-1F0D-4D7F-85E2-E84B658ED331}"
EndProject
Project("{2150E333-8FDC-42A3-9474-1A3956D46DE8}") = "Solution Items", "Solution Items", "{7B9F471D-191F-474C-9398-156A696A8D88}"
EndProject
Global
	GlobalSection(SolutionConfigurationPlatforms) = preSolution
		Debug|Any CPU = Debug|Any CPU
		Release|Any CPU = Release|Any CPU
	EndGlobalSection
	GlobalSection(ProjectConfigurationPlatforms) = postSolution
		{34C8992A-1F0D-4D7F-85E2-E84B658ED331}.Debug|Any CPU.ActiveCfg = Debug|Any CPU
		{34C8992A-1F0D-4D7F-85E2-E84B658ED331}.Debug|Any CPU.Build.0 = Debug|Any CPU
		{34C8992A-1F0D-4D7F-85E2-E84B658ED331}.Release|Any CPU.ActiveCfg = Release|Any CPU
		{34C8992A-1F0D-4D7F-85E2-E84B658ED331}.Release|Any CPU.Build.0 = Release|Any CPU
	EndGlobalSection
	GlobalSection(SolutionProperties) = preSolution
		HideSolutionNode = FALSE
	EndGlobalSection
	GlobalSection(ExtensibilityGlobals) = postSolution
		SolutionGuid = {97A79B14-9E15-482E-8921-2DCBB7EAFD13}
	EndGlobalSection
	GlobalSection(MonoDevelopProperties) = preSolution
		outputpath = .
	EndGlobalSection
EndGlobal
